
Microsoft Visual Studio Solution File, Format Version 12.00
# Visual Studio Version 16
VisualStudioVersion = 16.0.33214.272
MinimumVisualStudioVersion = 10.0.40219.1
Project("{FAE04EC0-301F-11D3-BF4B-00C04F79EFBC}") = "Aplikacja3", "Aplikacja3.csproj", "{C1CDD7CA-6708-47AE-A8DC-AF13002BA145}"
EndProject
Global
	GlobalSection(SolutionConfigurationPlatforms) = preSolution
		Debug|Any CPU = Debug|Any CPU
		Release|Any CPU = Release|Any CPU
	EndGlobalSection
	GlobalSection(ProjectConfigurationPlatforms) = postSolution
		{C1CDD7CA-6708-47AE-A8DC-AF13002BA145}.Debug|Any CPU.ActiveCfg = Debug|Any CPU
		{C1CDD7CA-6708-47AE-A8DC-AF13002BA145}.Debug|Any CPU.Build.0 = Debug|Any CPU
		{C1CDD7CA-6708-47AE-A8DC-AF13002BA145}.Release|Any CPU.ActiveCfg = Release|Any CPU
		{C1CDD7CA-6708-47AE-A8DC-AF13002BA145}.Release|Any CPU.Build.0 = Release|Any CPU
	EndGlobalSection
	GlobalSection(SolutionProperties) = preSolution
		HideSolutionNode = FALSE
	EndGlobalSection
	GlobalSection(ExtensibilityGlobals) = postSolution
		SolutionGuid = {0303CCF9-1002-413D-A5EB-9F8C90AFAC89}
	EndGlobalSection
EndGlobal
